
Microsoft Visual Studio Solution File, Format Version 12.00
# Visual Studio Version 16
VisualStudioVersion = 16.0.31911.196
MinimumVisualStudioVersion = 10.0.40219.1
Project("{FAE04EC0-301F-11D3-BF4B-00C04F79EFBC}") = "DesignerPDF", "DesignerPDF\DesignerPDF.csproj", "{DC013331-0F00-4407-84F0-5CA5725ED45C}"
EndProject
Global
	GlobalSection(SolutionConfigurationPlatforms) = preSolution
		Debug|Any CPU = Debug|Any CPU
		Release|Any CPU = Release|Any CPU
	EndGlobalSection
	GlobalSection(ProjectConfigurationPlatforms) = postSolution
		{DC013331-0F00-4407-84F0-5CA5725ED45C}.Debug|Any CPU.ActiveCfg = Debug|Any CPU
		{DC013331-0F00-4407-84F0-5CA5725ED45C}.Debug|Any CPU.Build.0 = Debug|Any CPU
		{DC013331-0F00-4407-84F0-5CA5725ED45C}.Release|Any CPU.ActiveCfg = Release|Any CPU
		{DC013331-0F00-4407-84F0-5CA5725ED45C}.Release|Any CPU.Build.0 = Release|Any CPU
	EndGlobalSection
	GlobalSection(SolutionProperties) = preSolution
		HideSolutionNode = FALSE
	EndGlobalSection
	GlobalSection(ExtensibilityGlobals) = postSolution
		SolutionGuid = {A2444293-5267-4E0E-A23B-334F10DDD00D}
	EndGlobalSection
EndGlobal
