
Microsoft Visual Studio Solution File, Format Version 12.00
# Visual Studio Version 17
VisualStudioVersion = 17.0.32014.148
MinimumVisualStudioVersion = 10.0.40219.1
Project("{FAE04EC0-301F-11D3-BF4B-00C04F79EFBC}") = "SweetnSaltyAPI", "SweetnSaltyAPI\SweetnSaltyAPI.csproj", "{34F12C78-C2EF-49B2-9C81-9A55859CCAC9}"
EndProject
Project("{FAE04EC0-301F-11D3-BF4B-00C04F79EFBC}") = "SweetnSaltyBusiness", "SweetnSaltyBusiness\SweetnSaltyBusiness.csproj", "{2650A970-D303-405F-9A2B-2CC92A842E5A}"
EndProject
Project("{FAE04EC0-301F-11D3-BF4B-00C04F79EFBC}") = "SweetnSaltyDbAccess", "SweetnSaltyDbAccess\SweetnSaltyDbAccess.csproj", "{47C1C86D-FA30-418C-80DD-9A2E72EF4BE8}"
EndProject
Project("{FAE04EC0-301F-11D3-BF4B-00C04F79EFBC}") = "SweetnSaltyModels", "SweetnSaltyModels\SweetnSaltyModels.csproj", "{9500DC0E-336A-473A-859D-0B05B9B71D13}"
EndProject
Global
	GlobalSection(SolutionConfigurationPlatforms) = preSolution
		Debug|Any CPU = Debug|Any CPU
		Release|Any CPU = Release|Any CPU
	EndGlobalSection
	GlobalSection(ProjectConfigurationPlatforms) = postSolution
		{34F12C78-C2EF-49B2-9C81-9A55859CCAC9}.Debug|Any CPU.ActiveCfg = Debug|Any CPU
		{34F12C78-C2EF-49B2-9C81-9A55859CCAC9}.Debug|Any CPU.Build.0 = Debug|Any CPU
		{34F12C78-C2EF-49B2-9C81-9A55859CCAC9}.Release|Any CPU.ActiveCfg = Release|Any CPU
		{34F12C78-C2EF-49B2-9C81-9A55859CCAC9}.Release|Any CPU.Build.0 = Release|Any CPU
		{2650A970-D303-405F-9A2B-2CC92A842E5A}.Debug|Any CPU.ActiveCfg = Debug|Any CPU
		{2650A970-D303-405F-9A2B-2CC92A842E5A}.Debug|Any CPU.Build.0 = Debug|Any CPU
		{2650A970-D303-405F-9A2B-2CC92A842E5A}.Release|Any CPU.ActiveCfg = Release|Any CPU
		{2650A970-D303-405F-9A2B-2CC92A842E5A}.Release|Any CPU.Build.0 = Release|Any CPU
		{47C1C86D-FA30-418C-80DD-9A2E72EF4BE8}.Debug|Any CPU.ActiveCfg = Debug|Any CPU
		{47C1C86D-FA30-418C-80DD-9A2E72EF4BE8}.Debug|Any CPU.Build.0 = Debug|Any CPU
		{47C1C86D-FA30-418C-80DD-9A2E72EF4BE8}.Release|Any CPU.ActiveCfg = Release|Any CPU
		{47C1C86D-FA30-418C-80DD-9A2E72EF4BE8}.Release|Any CPU.Build.0 = Release|Any CPU
		{9500DC0E-336A-473A-859D-0B05B9B71D13}.Debug|Any CPU.ActiveCfg = Debug|Any CPU
		{9500DC0E-336A-473A-859D-0B05B9B71D13}.Debug|Any CPU.Build.0 = Debug|Any CPU
		{9500DC0E-336A-473A-859D-0B05B9B71D13}.Release|Any CPU.ActiveCfg = Release|Any CPU
		{9500DC0E-336A-473A-859D-0B05B9B71D13}.Release|Any CPU.Build.0 = Release|Any CPU
	EndGlobalSection
	GlobalSection(SolutionProperties) = preSolution
		HideSolutionNode = FALSE
	EndGlobalSection
	GlobalSection(ExtensibilityGlobals) = postSolution
		SolutionGuid = {87BE6F2C-5593-45A8-8425-10ED90D60777}
	EndGlobalSection
EndGlobal
