
Microsoft Visual Studio Solution File, Format Version 12.00
# Visual Studio Version 16
VisualStudioVersion = 16.0.31911.196
MinimumVisualStudioVersion = 10.0.40219.1
Project("{FAE04EC0-301F-11D3-BF4B-00C04F79EFBC}") = "ApplesAndOranges", "ApplesAndOranges\ApplesAndOranges.csproj", "{B01710FF-6A35-4C75-B03C-5D6A705EF549}"
EndProject
Global
	GlobalSection(SolutionConfigurationPlatforms) = preSolution
		Debug|Any CPU = Debug|Any CPU
		Release|Any CPU = Release|Any CPU
	EndGlobalSection
	GlobalSection(ProjectConfigurationPlatforms) = postSolution
		{B01710FF-6A35-4C75-B03C-5D6A705EF549}.Debug|Any CPU.ActiveCfg = Debug|Any CPU
		{B01710FF-6A35-4C75-B03C-5D6A705EF549}.Debug|Any CPU.Build.0 = Debug|Any CPU
		{B01710FF-6A35-4C75-B03C-5D6A705EF549}.Release|Any CPU.ActiveCfg = Release|Any CPU
		{B01710FF-6A35-4C75-B03C-5D6A705EF549}.Release|Any CPU.Build.0 = Release|Any CPU
	EndGlobalSection
	GlobalSection(SolutionProperties) = preSolution
		HideSolutionNode = FALSE
	EndGlobalSection
	GlobalSection(ExtensibilityGlobals) = postSolution
		SolutionGuid = {49773E23-AB5A-48BF-AB73-2E56A9E90A90}
	EndGlobalSection
EndGlobal
