
Microsoft Visual Studio Solution File, Format Version 12.00
# Visual Studio Version 16
VisualStudioVersion = 16.0.32228.343
MinimumVisualStudioVersion = 10.0.40219.1
Project("{FAE04EC0-301F-11D3-BF4B-00C04F79EFBC}") = "JokesApp", "JokesApp\JokesApp.csproj", "{8C400AA9-AEA4-47AC-B585-ACC202D6D775}"
EndProject
Global
	GlobalSection(SolutionConfigurationPlatforms) = preSolution
		Debug|Any CPU = Debug|Any CPU
		Release|Any CPU = Release|Any CPU
	EndGlobalSection
	GlobalSection(ProjectConfigurationPlatforms) = postSolution
		{8C400AA9-AEA4-47AC-B585-ACC202D6D775}.Debug|Any CPU.ActiveCfg = Debug|Any CPU
		{8C400AA9-AEA4-47AC-B585-ACC202D6D775}.Debug|Any CPU.Build.0 = Debug|Any CPU
		{8C400AA9-AEA4-47AC-B585-ACC202D6D775}.Release|Any CPU.ActiveCfg = Release|Any CPU
		{8C400AA9-AEA4-47AC-B585-ACC202D6D775}.Release|Any CPU.Build.0 = Release|Any CPU
	EndGlobalSection
	GlobalSection(SolutionProperties) = preSolution
		HideSolutionNode = FALSE
	EndGlobalSection
	GlobalSection(ExtensibilityGlobals) = postSolution
		SolutionGuid = {4412D59D-E186-4723-B066-C051A368CE4C}
	EndGlobalSection
EndGlobal
